// !$*UTF8*$!
{
	archiveVersion = 1;
	classes = {
	};
	objectVersion = 56;
	objects = {

/* Begin PBXBuildFile section */
		0F2A32722A88027E0005BC8E /* TickerSelectionView.swift in Sources */ = {isa = PBXBuildFile; fileRef = 0F2A32712A88027E0005BC8E /* TickerSelectionView.swift */; };
		0F2A32742A88027F0005BC8E /* Assets.xcassets in Resources */ = {isa = PBXBuildFile; fileRef = 0F2A32732A88027F0005BC8E /* Assets.xcassets */; };
		0F2A32772A88027F0005BC8E /* Preview Assets.xcassets in Resources */ = {isa = PBXBuildFile; fileRef = 0F2A32762A88027F0005BC8E /* Preview Assets.xcassets */; };
		0F2A32812A8803E90005BC8E /* TickerSelectionViewModel.swift in Sources */ = {isa = PBXBuildFile; fileRef = 0F2A32802A8803E90005BC8E /* TickerSelectionViewModel.swift */; };
		0F2A32832A8804D20005BC8E /* APIManager.swift in Sources */ = {isa = PBXBuildFile; fileRef = 0F2A32822A8804D20005BC8E /* APIManager.swift */; };
		0F2A32852A88054F0005BC8E /* Ticker.swift in Sources */ = {isa = PBXBuildFile; fileRef = 0F2A32842A88054F0005BC8E /* Ticker.swift */; };
		0F2A32872A880C610005BC8E /* TickerListView.swift in Sources */ = {isa = PBXBuildFile; fileRef = 0F2A32862A880C610005BC8E /* TickerListView.swift */; };
		0F2A328D2A88AF200005BC8E /* TickerListResponse.swift in Sources */ = {isa = PBXBuildFile; fileRef = 0F2A328C2A88AF200005BC8E /* TickerListResponse.swift */; };
		0F2A32942A88AFB50005BC8E /* TrendingTickersResponse.swift in Sources */ = {isa = PBXBuildFile; fileRef = 0F2A32932A88AFB50005BC8E /* TrendingTickersResponse.swift */; };
		0F2A32972A88B3490005BC8E /* Routable.swift in Sources */ = {isa = PBXBuildFile; fileRef = 0F2A32962A88B3490005BC8E /* Routable.swift */; };
		0F2A32992A88B36D0005BC8E /* Coordinator.swift in Sources */ = {isa = PBXBuildFile; fileRef = 0F2A32982A88B36D0005BC8E /* Coordinator.swift */; };
		0F2A329B2A88B3980005BC8E /* YahooScraperRouter.swift in Sources */ = {isa = PBXBuildFile; fileRef = 0F2A329A2A88B3980005BC8E /* YahooScraperRouter.swift */; };
		0F62468F2A8CECA300F70060 /* TickerEntryView.swift in Sources */ = {isa = PBXBuildFile; fileRef = 0F62468E2A8CECA300F70060 /* TickerEntryView.swift */; };
		0F6246942A8F49DF00F70060 /* ErrorView.swift in Sources */ = {isa = PBXBuildFile; fileRef = 0F6246932A8F49DF00F70060 /* ErrorView.swift */; };
		0F9E19D52A88B68D0062A5CD /* UISceneDelegate.swift in Sources */ = {isa = PBXBuildFile; fileRef = 0F9E19D42A88B68D0062A5CD /* UISceneDelegate.swift */; };
		0F9E19D72A88B6C50062A5CD /* AppDelegate.swift in Sources */ = {isa = PBXBuildFile; fileRef = 0F9E19D62A88B6C50062A5CD /* AppDelegate.swift */; };
		0F9E19DB2A8938410062A5CD /* StockPrice.swift in Sources */ = {isa = PBXBuildFile; fileRef = 0F9E19DA2A8938410062A5CD /* StockPrice.swift */; };
		0F9E19DD2A89390A0062A5CD /* TickerListCell.swift in Sources */ = {isa = PBXBuildFile; fileRef = 0F9E19DC2A89390A0062A5CD /* TickerListCell.swift */; };
/* End PBXBuildFile section */

/* Begin PBXFileReference section */
		0F2A326C2A88027E0005BC8E /* YahooScraper.app */ = {isa = PBXFileReference; explicitFileType = wrapper.application; includeInIndex = 0; path = YahooScraper.app; sourceTree = BUILT_PRODUCTS_DIR; };
		0F2A32712A88027E0005BC8E /* TickerSelectionView.swift */ = {isa = PBXFileReference; lastKnownFileType = sourcecode.swift; path = TickerSelectionView.swift; sourceTree = "<group>"; };
		0F2A32732A88027F0005BC8E /* Assets.xcassets */ = {isa = PBXFileReference; lastKnownFileType = folder.assetcatalog; path = Assets.xcassets; sourceTree = "<group>"; };
		0F2A32762A88027F0005BC8E /* Preview Assets.xcassets */ = {isa = PBXFileReference; lastKnownFileType = folder.assetcatalog; path = "Preview Assets.xcassets"; sourceTree = "<group>"; };
		0F2A32802A8803E90005BC8E /* TickerSelectionViewModel.swift */ = {isa = PBXFileReference; lastKnownFileType = sourcecode.swift; path = TickerSelectionViewModel.swift; sourceTree = "<group>"; };
		0F2A32822A8804D20005BC8E /* APIManager.swift */ = {isa = PBXFileReference; lastKnownFileType = sourcecode.swift; path = APIManager.swift; sourceTree = "<group>"; };
		0F2A32842A88054F0005BC8E /* Ticker.swift */ = {isa = PBXFileReference; lastKnownFileType = sourcecode.swift; path = Ticker.swift; sourceTree = "<group>"; };
		0F2A32862A880C610005BC8E /* TickerListView.swift */ = {isa = PBXFileReference; lastKnownFileType = sourcecode.swift; path = TickerListView.swift; sourceTree = "<group>"; };
		0F2A328C2A88AF200005BC8E /* TickerListResponse.swift */ = {isa = PBXFileReference; lastKnownFileType = sourcecode.swift; path = TickerListResponse.swift; sourceTree = "<group>"; };
		0F2A32932A88AFB50005BC8E /* TrendingTickersResponse.swift */ = {isa = PBXFileReference; lastKnownFileType = sourcecode.swift; path = TrendingTickersResponse.swift; sourceTree = "<group>"; };
		0F2A32962A88B3490005BC8E /* Routable.swift */ = {isa = PBXFileReference; lastKnownFileType = sourcecode.swift; path = Routable.swift; sourceTree = "<group>"; };
		0F2A32982A88B36D0005BC8E /* Coordinator.swift */ = {isa = PBXFileReference; lastKnownFileType = sourcecode.swift; path = Coordinator.swift; sourceTree = "<group>"; };
		0F2A329A2A88B3980005BC8E /* YahooScraperRouter.swift */ = {isa = PBXFileReference; lastKnownFileType = sourcecode.swift; path = YahooScraperRouter.swift; sourceTree = "<group>"; };
		0F62468E2A8CECA300F70060 /* TickerEntryView.swift */ = {isa = PBXFileReference; lastKnownFileType = sourcecode.swift; path = TickerEntryView.swift; sourceTree = "<group>"; };
		0F6246932A8F49DF00F70060 /* ErrorView.swift */ = {isa = PBXFileReference; lastKnownFileType = sourcecode.swift; path = ErrorView.swift; sourceTree = "<group>"; };
		0F9E19D42A88B68D0062A5CD /* UISceneDelegate.swift */ = {isa = PBXFileReference; lastKnownFileType = sourcecode.swift; path = UISceneDelegate.swift; sourceTree = "<group>"; };
		0F9E19D62A88B6C50062A5CD /* AppDelegate.swift */ = {isa = PBXFileReference; lastKnownFileType = sourcecode.swift; path = AppDelegate.swift; sourceTree = "<group>"; };
		0F9E19DA2A8938410062A5CD /* StockPrice.swift */ = {isa = PBXFileReference; lastKnownFileType = sourcecode.swift; path = StockPrice.swift; sourceTree = "<group>"; };
		0F9E19DC2A89390A0062A5CD /* TickerListCell.swift */ = {isa = PBXFileReference; lastKnownFileType = sourcecode.swift; path = TickerListCell.swift; sourceTree = "<group>"; };
/* End PBXFileReference section */

/* Begin PBXFrameworksBuildPhase section */
		0F2A32692A88027E0005BC8E /* Frameworks */ = {
			isa = PBXFrameworksBuildPhase;
			buildActionMask = 2147483647;
			files = (
			);
			runOnlyForDeploymentPostprocessing = 0;
		};
/* End PBXFrameworksBuildPhase section */

/* Begin PBXGroup section */
		0F2A32632A88027E0005BC8E = {
			isa = PBXGroup;
			children = (
				0F2A326E2A88027E0005BC8E /* YahooScraper */,
				0F2A326D2A88027E0005BC8E /* Products */,
			);
			sourceTree = "<group>";
		};
		0F2A326D2A88027E0005BC8E /* Products */ = {
			isa = PBXGroup;
			children = (
				0F2A326C2A88027E0005BC8E /* YahooScraper.app */,
			);
			name = Products;
			sourceTree = "<group>";
		};
		0F2A326E2A88027E0005BC8E /* YahooScraper */ = {
			isa = PBXGroup;
			children = (
				0F9E19D92A8938120062A5CD /* App */,
				0F2A32952A88B32B0005BC8E /* Coordinator */,
				0F2A328F2A88AF4A0005BC8E /* Components */,
				0F2A328E2A88AF370005BC8E /* Model */,
				0F2A327F2A8803AE0005BC8E /* API */,
				0F2A32732A88027F0005BC8E /* Assets.xcassets */,
				0F2A32752A88027F0005BC8E /* Preview Content */,
			);
			path = YahooScraper;
			sourceTree = "<group>";
		};
		0F2A32752A88027F0005BC8E /* Preview Content */ = {
			isa = PBXGroup;
			children = (
				0F2A32762A88027F0005BC8E /* Preview Assets.xcassets */,
			);
			path = "Preview Content";
			sourceTree = "<group>";
		};
		0F2A327F2A8803AE0005BC8E /* API */ = {
			isa = PBXGroup;
			children = (
				0F2A328B2A88AEF50005BC8E /* Manager */,
				0F2A328A2A88AEEC0005BC8E /* Responses */,
			);
			path = API;
			sourceTree = "<group>";
		};
		0F2A328A2A88AEEC0005BC8E /* Responses */ = {
			isa = PBXGroup;
			children = (
				0F2A328C2A88AF200005BC8E /* TickerListResponse.swift */,
				0F2A32932A88AFB50005BC8E /* TrendingTickersResponse.swift */,
			);
			path = Responses;
			sourceTree = "<group>";
		};
		0F2A328B2A88AEF50005BC8E /* Manager */ = {
			isa = PBXGroup;
			children = (
				0F2A32822A8804D20005BC8E /* APIManager.swift */,
			);
			path = Manager;
			sourceTree = "<group>";
		};
		0F2A328E2A88AF370005BC8E /* Model */ = {
			isa = PBXGroup;
			children = (
				0F2A32842A88054F0005BC8E /* Ticker.swift */,
				0F9E19DA2A8938410062A5CD /* StockPrice.swift */,
			);
			path = Model;
			sourceTree = "<group>";
		};
		0F2A328F2A88AF4A0005BC8E /* Components */ = {
			isa = PBXGroup;
			children = (
				0F6246922A8F49D100F70060 /* Shared */,
				0F62468D2A8CEC8D00F70060 /* TickerEntryView */,
				0F2A32912A88AF6A0005BC8E /* TickerListView */,
				0F2A32902A88AF510005BC8E /* TickerSelectionView */,
			);
			path = Components;
			sourceTree = "<group>";
		};
		0F2A32902A88AF510005BC8E /* TickerSelectionView */ = {
			isa = PBXGroup;
			children = (
				0F2A32802A8803E90005BC8E /* TickerSelectionViewModel.swift */,
				0F2A32712A88027E0005BC8E /* TickerSelectionView.swift */,
			);
			path = TickerSelectionView;
			sourceTree = "<group>";
		};
		0F2A32912A88AF6A0005BC8E /* TickerListView */ = {
			isa = PBXGroup;
			children = (
				0F2A32862A880C610005BC8E /* TickerListView.swift */,
				0F9E19DC2A89390A0062A5CD /* TickerListCell.swift */,
			);
			path = TickerListView;
			sourceTree = "<group>";
		};
		0F2A32952A88B32B0005BC8E /* Coordinator */ = {
			isa = PBXGroup;
			children = (
				0F2A32962A88B3490005BC8E /* Routable.swift */,
				0F2A32982A88B36D0005BC8E /* Coordinator.swift */,
				0F2A329A2A88B3980005BC8E /* YahooScraperRouter.swift */,
			);
			path = Coordinator;
			sourceTree = "<group>";
		};
		0F62468D2A8CEC8D00F70060 /* TickerEntryView */ = {
			isa = PBXGroup;
			children = (
				0F62468E2A8CECA300F70060 /* TickerEntryView.swift */,
			);
			path = TickerEntryView;
			sourceTree = "<group>";
		};
		0F6246922A8F49D100F70060 /* Shared */ = {
			isa = PBXGroup;
			children = (
				0F6246932A8F49DF00F70060 /* ErrorView.swift */,
			);
			path = Shared;
			sourceTree = "<group>";
		};
		0F9E19D92A8938120062A5CD /* App */ = {
			isa = PBXGroup;
			children = (
				0F9E19D42A88B68D0062A5CD /* UISceneDelegate.swift */,
				0F9E19D62A88B6C50062A5CD /* AppDelegate.swift */,
			);
			path = App;
			sourceTree = "<group>";
		};
/* End PBXGroup section */

/* Begin PBXNativeTarget section */
		0F2A326B2A88027E0005BC8E /* YahooScraper */ = {
			isa = PBXNativeTarget;
			buildConfigurationList = 0F2A327A2A88027F0005BC8E /* Build configuration list for PBXNativeTarget "YahooScraper" */;
			buildPhases = (
				0F2A32682A88027E0005BC8E /* Sources */,
				0F2A32692A88027E0005BC8E /* Frameworks */,
				0F2A326A2A88027E0005BC8E /* Resources */,
			);
			buildRules = (
			);
			dependencies = (
			);
			name = YahooScraper;
			productName = YahooScraper;
			productReference = 0F2A326C2A88027E0005BC8E /* YahooScraper.app */;
			productType = "com.apple.product-type.application";
		};
/* End PBXNativeTarget section */

/* Begin PBXProject section */
		0F2A32642A88027E0005BC8E /* Project object */ = {
			isa = PBXProject;
			attributes = {
				BuildIndependentTargetsInParallel = 1;
				LastSwiftUpdateCheck = 1420;
				LastUpgradeCheck = 1420;
				TargetAttributes = {
					0F2A326B2A88027E0005BC8E = {
						CreatedOnToolsVersion = 14.2;
					};
				};
			};
			buildConfigurationList = 0F2A32672A88027E0005BC8E /* Build configuration list for PBXProject "YahooScraper" */;
			compatibilityVersion = "Xcode 14.0";
			developmentRegion = en;
			hasScannedForEncodings = 0;
			knownRegions = (
				en,
				Base,
			);
			mainGroup = 0F2A32632A88027E0005BC8E;
			productRefGroup = 0F2A326D2A88027E0005BC8E /* Products */;
			projectDirPath = "";
			projectRoot = "";
			targets = (
				0F2A326B2A88027E0005BC8E /* YahooScraper */,
			);
		};
/* End PBXProject section */

/* Begin PBXResourcesBuildPhase section */
		0F2A326A2A88027E0005BC8E /* Resources */ = {
			isa = PBXResourcesBuildPhase;
			buildActionMask = 2147483647;
			files = (
				0F2A32772A88027F0005BC8E /* Preview Assets.xcassets in Resources */,
				0F2A32742A88027F0005BC8E /* Assets.xcassets in Resources */,
			);
			runOnlyForDeploymentPostprocessing = 0;
		};
/* End PBXResourcesBuildPhase section */

/* Begin PBXSourcesBuildPhase section */
		0F2A32682A88027E0005BC8E /* Sources */ = {
			isa = PBXSourcesBuildPhase;
			buildActionMask = 2147483647;
			files = (
				0F2A328D2A88AF200005BC8E /* TickerListResponse.swift in Sources */,
				0F9E19D52A88B68D0062A5CD /* UISceneDelegate.swift in Sources */,
				0F2A32872A880C610005BC8E /* TickerListView.swift in Sources */,
				0F2A32942A88AFB50005BC8E /* TrendingTickersResponse.swift in Sources */,
				0F9E19D72A88B6C50062A5CD /* AppDelegate.swift in Sources */,
				0F2A32832A8804D20005BC8E /* APIManager.swift in Sources */,
				0F2A32812A8803E90005BC8E /* TickerSelectionViewModel.swift in Sources */,
				0F2A32852A88054F0005BC8E /* Ticker.swift in Sources */,
				0F62468F2A8CECA300F70060 /* TickerEntryView.swift in Sources */,
				0F2A32992A88B36D0005BC8E /* Coordinator.swift in Sources */,
				0F9E19DD2A89390A0062A5CD /* TickerListCell.swift in Sources */,
				0F2A32722A88027E0005BC8E /* TickerSelectionView.swift in Sources */,
				0F2A329B2A88B3980005BC8E /* YahooScraperRouter.swift in Sources */,
				0F9E19DB2A8938410062A5CD /* StockPrice.swift in Sources */,
				0F2A32972A88B3490005BC8E /* Routable.swift in Sources */,
				0F6246942A8F49DF00F70060 /* ErrorView.swift in Sources */,
			);
			runOnlyForDeploymentPostprocessing = 0;
		};
/* End PBXSourcesBuildPhase section */

/* Begin XCBuildConfiguration section */
		0F2A32782A88027F0005BC8E /* Debug */ = {
			isa = XCBuildConfiguration;
			buildSettings = {
				ALWAYS_SEARCH_USER_PATHS = NO;
				CLANG_ANALYZER_NONNULL = YES;
				CLANG_ANALYZER_NUMBER_OBJECT_CONVERSION = YES_AGGRESSIVE;
				CLANG_CXX_LANGUAGE_STANDARD = "gnu++20";
				CLANG_ENABLE_MODULES = YES;
				CLANG_ENABLE_OBJC_ARC = YES;
				CLANG_ENABLE_OBJC_WEAK = YES;
				CLANG_WARN_BLOCK_CAPTURE_AUTORELEASING = YES;
				CLANG_WARN_BOOL_CONVERSION = YES;
				CLANG_WARN_COMMA = YES;
				CLANG_WARN_CONSTANT_CONVERSION = YES;
				CLANG_WARN_DEPRECATED_OBJC_IMPLEMENTATIONS = YES;
				CLANG_WARN_DIRECT_OBJC_ISA_USAGE = YES_ERROR;
				CLANG_WARN_DOCUMENTATION_COMMENTS = YES;
				CLANG_WARN_EMPTY_BODY = YES;
				CLANG_WARN_ENUM_CONVERSION = YES;
				CLANG_WARN_INFINITE_RECURSION = YES;
				CLANG_WARN_INT_CONVERSION = YES;
				CLANG_WARN_NON_LITERAL_NULL_CONVERSION = YES;
				CLANG_WARN_OBJC_IMPLICIT_RETAIN_SELF = YES;
				CLANG_WARN_OBJC_LITERAL_CONVERSION = YES;
				CLANG_WARN_OBJC_ROOT_CLASS = YES_ERROR;
				CLANG_WARN_QUOTED_INCLUDE_IN_FRAMEWORK_HEADER = YES;
				CLANG_WARN_RANGE_LOOP_ANALYSIS = YES;
				CLANG_WARN_STRICT_PROTOTYPES = YES;
				CLANG_WARN_SUSPICIOUS_MOVE = YES;
				CLANG_WARN_UNGUARDED_AVAILABILITY = YES_AGGRESSIVE;
				CLANG_WARN_UNREACHABLE_CODE = YES;
				CLANG_WARN__DUPLICATE_METHOD_MATCH = YES;
				COPY_PHASE_STRIP = NO;
				DEBUG_INFORMATION_FORMAT = dwarf;
				ENABLE_STRICT_OBJC_MSGSEND = YES;
				ENABLE_TESTABILITY = YES;
				GCC_C_LANGUAGE_STANDARD = gnu11;
				GCC_DYNAMIC_NO_PIC = NO;
				GCC_NO_COMMON_BLOCKS = YES;
				GCC_OPTIMIZATION_LEVEL = 0;
				GCC_PREPROCESSOR_DEFINITIONS = (
					"DEBUG=1",
					"$(inherited)",
				);
				GCC_WARN_64_TO_32_BIT_CONVERSION = YES;
				GCC_WARN_ABOUT_RETURN_TYPE = YES_ERROR;
				GCC_WARN_UNDECLARED_SELECTOR = YES;
				GCC_WARN_UNINITIALIZED_AUTOS = YES_AGGRESSIVE;
				GCC_WARN_UNUSED_FUNCTION = YES;
				GCC_WARN_UNUSED_VARIABLE = YES;
				IPHONEOS_DEPLOYMENT_TARGET = 16.2;
				MTL_ENABLE_DEBUG_INFO = INCLUDE_SOURCE;
				MTL_FAST_MATH = YES;
				ONLY_ACTIVE_ARCH = YES;
				SDKROOT = iphoneos;
				SWIFT_ACTIVE_COMPILATION_CONDITIONS = DEBUG;
				SWIFT_OPTIMIZATION_LEVEL = "-Onone";
			};
			name = Debug;
		};
		0F2A32792A88027F0005BC8E /* Release */ = {
			isa = XCBuildConfiguration;
			buildSettings = {
				ALWAYS_SEARCH_USER_PATHS = NO;
				CLANG_ANALYZER_NONNULL = YES;
				CLANG_ANALYZER_NUMBER_OBJECT_CONVERSION = YES_AGGRESSIVE;
				CLANG_CXX_LANGUAGE_STANDARD = "gnu++20";
				CLANG_ENABLE_MODULES = YES;
				CLANG_ENABLE_OBJC_ARC = YES;
				CLANG_ENABLE_OBJC_WEAK = YES;
				CLANG_WARN_BLOCK_CAPTURE_AUTORELEASING = YES;
				CLANG_WARN_BOOL_CONVERSION = YES;
				CLANG_WARN_COMMA = YES;
				CLANG_WARN_CONSTANT_CONVERSION = YES;
				CLANG_WARN_DEPRECATED_OBJC_IMPLEMENTATIONS = YES;
				CLANG_WARN_DIRECT_OBJC_ISA_USAGE = YES_ERROR;
				CLANG_WARN_DOCUMENTATION_COMMENTS = YES;
				CLANG_WARN_EMPTY_BODY = YES;
				CLANG_WARN_ENUM_CONVERSION = YES;
				CLANG_WARN_INFINITE_RECURSION = YES;
				CLANG_WARN_INT_CONVERSION = YES;
				CLANG_WARN_NON_LITERAL_NULL_CONVERSION = YES;
				CLANG_WARN_OBJC_IMPLICIT_RETAIN_SELF = YES;
				CLANG_WARN_OBJC_LITERAL_CONVERSION = YES;
				CLANG_WARN_OBJC_ROOT_CLASS = YES_ERROR;
				CLANG_WARN_QUOTED_INCLUDE_IN_FRAMEWORK_HEADER = YES;
				CLANG_WARN_RANGE_LOOP_ANALYSIS = YES;
				CLANG_WARN_STRICT_PROTOTYPES = YES;
				CLANG_WARN_SUSPICIOUS_MOVE = YES;
				CLANG_WARN_UNGUARDED_AVAILABILITY = YES_AGGRESSIVE;
				CLANG_WARN_UNREACHABLE_CODE = YES;
				CLANG_WARN__DUPLICATE_METHOD_MATCH = YES;
				COPY_PHASE_STRIP = NO;
				DEBUG_INFORMATION_FORMAT = "dwarf-with-dsym";
				ENABLE_NS_ASSERTIONS = NO;
				ENABLE_STRICT_OBJC_MSGSEND = YES;
				GCC_C_LANGUAGE_STANDARD = gnu11;
				GCC_NO_COMMON_BLOCKS = YES;
				GCC_WARN_64_TO_32_BIT_CONVERSION = YES;
				GCC_WARN_ABOUT_RETURN_TYPE = YES_ERROR;
				GCC_WARN_UNDECLARED_SELECTOR = YES;
				GCC_WARN_UNINITIALIZED_AUTOS = YES_AGGRESSIVE;
				GCC_WARN_UNUSED_FUNCTION = YES;
				GCC_WARN_UNUSED_VARIABLE = YES;
				IPHONEOS_DEPLOYMENT_TARGET = 16.2;
				MTL_ENABLE_DEBUG_INFO = NO;
				MTL_FAST_MATH = YES;
				SDKROOT = iphoneos;
				SWIFT_COMPILATION_MODE = wholemodule;
				SWIFT_OPTIMIZATION_LEVEL = "-O";
				VALIDATE_PRODUCT = YES;
			};
			name = Release;
		};
		0F2A327B2A88027F0005BC8E /* Debug */ = {
			isa = XCBuildConfiguration;
			buildSettings = {
				ASSETCATALOG_COMPILER_APPICON_NAME = AppIcon;
				ASSETCATALOG_COMPILER_GLOBAL_ACCENT_COLOR_NAME = AccentColor;
				CODE_SIGN_STYLE = Automatic;
				CURRENT_PROJECT_VERSION = 1;
				DEVELOPMENT_ASSET_PATHS = "\"YahooScraper/Preview Content\"";
				ENABLE_PREVIEWS = YES;
				GENERATE_INFOPLIST_FILE = YES;
				INFOPLIST_KEY_UIApplicationSceneManifest_Generation = YES;
				INFOPLIST_KEY_UIApplicationSupportsIndirectInputEvents = YES;
				INFOPLIST_KEY_UILaunchScreen_Generation = YES;
				INFOPLIST_KEY_UISupportedInterfaceOrientations_iPad = "UIInterfaceOrientationPortrait UIInterfaceOrientationPortraitUpsideDown UIInterfaceOrientationLandscapeLeft UIInterfaceOrientationLandscapeRight";
				INFOPLIST_KEY_UISupportedInterfaceOrientations_iPhone = "UIInterfaceOrientationPortrait UIInterfaceOrientationLandscapeLeft UIInterfaceOrientationLandscapeRight";
				IPHONEOS_DEPLOYMENT_TARGET = 16.0;
				LD_RUNPATH_SEARCH_PATHS = (
					"$(inherited)",
					"@executable_path/Frameworks",
				);
				MARKETING_VERSION = 1.0;
				PRODUCT_BUNDLE_IDENTIFIER = red.selma.YahooScraper;
				PRODUCT_NAME = "$(TARGET_NAME)";
				SWIFT_EMIT_LOC_STRINGS = YES;
				SWIFT_VERSION = 5.0;
				TARGETED_DEVICE_FAMILY = "1,2";
			};
			name = Debug;
		};
		0F2A327C2A88027F0005BC8E /* Release */ = {
			isa = XCBuildConfiguration;
			buildSettings = {
				ASSETCATALOG_COMPILER_APPICON_NAME = AppIcon;
				ASSETCATALOG_COMPILER_GLOBAL_ACCENT_COLOR_NAME = AccentColor;
				CODE_SIGN_STYLE = Automatic;
				CURRENT_PROJECT_VERSION = 1;
				DEVELOPMENT_ASSET_PATHS = "\"YahooScraper/Preview Content\"";
				ENABLE_PREVIEWS = YES;
				GENERATE_INFOPLIST_FILE = YES;
				INFOPLIST_KEY_UIApplicationSceneManifest_Generation = YES;
				INFOPLIST_KEY_UIApplicationSupportsIndirectInputEvents = YES;
				INFOPLIST_KEY_UILaunchScreen_Generation = YES;
				INFOPLIST_KEY_UISupportedInterfaceOrientations_iPad = "UIInterfaceOrientationPortrait UIInterfaceOrientationPortraitUpsideDown UIInterfaceOrientationLandscapeLeft UIInterfaceOrientationLandscapeRight";
				INFOPLIST_KEY_UISupportedInterfaceOrientations_iPhone = "UIInterfaceOrientationPortrait UIInterfaceOrientationLandscapeLeft UIInterfaceOrientationLandscapeRight";
				IPHONEOS_DEPLOYMENT_TARGET = 16.0;
				LD_RUNPATH_SEARCH_PATHS = (
					"$(inherited)",
					"@executable_path/Frameworks",
				);
				MARKETING_VERSION = 1.0;
				PRODUCT_BUNDLE_IDENTIFIER = red.selma.YahooScraper;
				PRODUCT_NAME = "$(TARGET_NAME)";
				SWIFT_EMIT_LOC_STRINGS = YES;
				SWIFT_VERSION = 5.0;
				TARGETED_DEVICE_FAMILY = "1,2";
			};
			name = Release;
		};
/* End XCBuildConfiguration section */

/* Begin XCConfigurationList section */
		0F2A32672A88027E0005BC8E /* Build configuration list for PBXProject "YahooScraper" */ = {
			isa = XCConfigurationList;
			buildConfigurations = (
				0F2A32782A88027F0005BC8E /* Debug */,
				0F2A32792A88027F0005BC8E /* Release */,
			);
			defaultConfigurationIsVisible = 0;
			defaultConfigurationName = Release;
		};
		0F2A327A2A88027F0005BC8E /* Build configuration list for PBXNativeTarget "YahooScraper" */ = {
			isa = XCConfigurationList;
			buildConfigurations = (
				0F2A327B2A88027F0005BC8E /* Debug */,
				0F2A327C2A88027F0005BC8E /* Release */,
			);
			defaultConfigurationIsVisible = 0;
			defaultConfigurationName = Release;
		};
/* End XCConfigurationList section */
	};
	rootObject = 0F2A32642A88027E0005BC8E /* Project object */;
}
